<?xml version="1.0" encoding="utf-8"?>
<Project ToolsVersion="4.0" xmlns="http://schemas.microsoft.com/developer/msbuild/2003">
  <ItemGroup>
    <Filter Include="Source Files">
      <UniqueIdentifier>{4FC737F1-C7A5-4376-A066-2A32D752A2FF}</UniqueIdentifier>
      <Extensions>cpp;c;cc;cxx;def;odl;idl;hpj;bat;asm;asmx</Extensions>
    </Filter>
    <Filter Include="Header Files">
      <UniqueIdentifier>{93995380-89BD-4b04-88EB-625FBE52EBFB}</UniqueIdentifier>
      <Extensions>h;hh;hpp;hxx;hm;inl;inc;xsd</Extensions>
    </Filter>
    <Filter Include="Resource Files">
      <UniqueIdentifier>{67DA6AB6-F800-4c08-8B7A-83BB121AAD01}</UniqueIdentifier>
      <Extensions>rc;ico;cur;bmp;dlg;rc2;rct;bin;rgs;gif;jpg;jpeg;jpe;resx;tiff;tif;png;wav;mfcribbon-ms</Extensions>
    </Filter>
    <Filter Include="Resource Files\Shaders">
      <UniqueIdentifier>{34430ac9-3223-4b2a-8d30-5defe98645f3}</UniqueIdentifier>
    </Filter>
    <Filter Include="Header Files\imgui">
      <UniqueIdentifier>{2313587d-81bb-4614-a56a-04560c062bfa}</UniqueIdentifier>
    </Filter>
    <Filter Include="Source Files\imgui">
      <UniqueIdentifier>{383d237f-b150-487c-90a6-ede20d6283d1}</UniqueIdentifier>
    </Filter>
  </ItemGroup>
  <ItemGroup>
    <ClCompile Include="main.cpp">
      <Filter>Source Files</Filter>
    </ClCompile>
    <ClCompile Include="modelLoader.cpp">
      <Filter>Source Files</Filter>
    </ClCompile>
    <ClCompile Include="cbVariableManager.cpp">
      <Filter>Source Files</Filter>
    </ClCompile>
    <ClCompile Include="renderPass.cpp">
      <Filter>Source Files</Filter>
    </ClCompile>
    <ClCompile Include="gk2ShaderDemoBase.cpp">
      <Filter>Source Files</Filter>
    </ClCompile>
    <ClCompile Include="imgui.cpp">
      <Filter>Source Files\imgui</Filter>
    </ClCompile>
    <ClCompile Include="imgui_draw.cpp">
      <Filter>Source Files\imgui</Filter>
    </ClCompile>
    <ClCompile Include="guiRenderer.cpp">
      <Filter>Source Files</Filter>
    </ClCompile>
    <ClCompile Include="shaderDemo.cpp">
      <Filter>Source Files</Filter>
    </ClCompile>
    <ClCompile Include="imgui_widgets.cpp">
      <Filter>Source Files\imgui</Filter>
    </ClCompile>
  </ItemGroup>
  <ItemGroup>
    <ClInclude Include="cbVariable.h">
      <Filter>Header Files</Filter>
    </ClInclude>
    <ClInclude Include="cbVariableSemantics.h">
      <Filter>Header Files</Filter>
    </ClInclude>
    <ClInclude Include="modelLoader.h">
      <Filter>Header Files</Filter>
    </ClInclude>
    <ClInclude Include="cbVariableManager.h">
      <Filter>Header Files</Filter>
    </ClInclude>
    <ClInclude Include="renderPass.h">
      <Filter>Header Files</Filter>
    </ClInclude>
    <ClInclude Include="cBufferDesc.h">
      <Filter>Header Files</Filter>
    </ClInclude>
    <ClInclude Include="gk2ShaderDemoBase.h">
      <Filter>Header Files</Filter>
    </ClInclude>
    <ClInclude Include="imgui.h">
      <Filter>Header Files\imgui</Filter>
    </ClInclude>
    <ClInclude Include="imgui_internal.h">
      <Filter>Header Files\imgui</Filter>
    </ClInclude>
    <ClInclude Include="guiRenderer.h">
      <Filter>Header Files</Filter>
    </ClInclude>
    <ClInclude Include="shaderDemo.h">
      <Filter>Header Files</Filter>
    </ClInclude>
    <ClInclude Include="imstb_rectpack.h">
      <Filter>Header Files\imgui</Filter>
    </ClInclude>
    <ClInclude Include="imstb_textedit.h">
      <Filter>Header Files\imgui</Filter>
    </ClInclude>
    <ClInclude Include="imstb_truetype.h">
      <Filter>Header Files\imgui</Filter>
    </ClInclude>
  </ItemGroup>
  <ItemGroup>
    <FxCompile Include="guiVS.hlsl">
      <Filter>Resource Files\Shaders</Filter>
    </FxCompile>
    <FxCompile Include="guiPS.hlsl">
      <Filter>Resource Files\Shaders</Filter>
    </FxCompile>
    <FxCompile Include="spherePS.hlsl">
      <Filter>Resource Files\Shaders</Filter>
    </FxCompile>
    <FxCompile Include="sphereVS.hlsl">
      <Filter>Resource Files\Shaders</Filter>
    </FxCompile>
    <FxCompile Include="teapotVS.hlsl">
      <Filter>Resource Files\Shaders</Filter>
    </FxCompile>
    <FxCompile Include="teapotPS.hlsl">
      <Filter>Resource Files\Shaders</Filter>
    </FxCompile>
    <FxCompile Include="springPS.hlsl">
      <Filter>Resource Files\Shaders</Filter>
    </FxCompile>
    <FxCompile Include="springVS.hlsl">
      <Filter>Resource Files\Shaders</Filter>
    </FxCompile>
    <FxCompile Include="envPS.hlsl">
      <Filter>Resource Files\Shaders</Filter>
    </FxCompile>
    <FxCompile Include="envVS.hlsl">
      <Filter>Resource Files\Shaders</Filter>
    </FxCompile>
    <FxCompile Include="waterPS.hlsl">
      <Filter>Resource Files\Shaders</Filter>
    </FxCompile>
    <FxCompile Include="waterVS.hlsl">
      <Filter>Resource Files\Shaders</Filter>
    </FxCompile>
  </ItemGroup>
</Project>